GIT
  remote: https://codeberg.org/skipkayhil/rouge.git
  revision: b3c542be81316256fe87024b65ffbeaaa0925162
  branch: fix-base16-theme
  specs:
    rouge (5.1.0)
      strscan (~> 3.1)

GEM
  remote: https://rubygems.org/
  specs:
    rake (13.4.2)
    strscan (3.1.8)

PLATFORMS
  x86_64-linux

DEPENDENCIES
  rake (~> 13.0)
  rouge!

BUNDLED WITH
  4.0.20
